
Microsoft Visual Studio Solution File, Format Version 12.00
# Visual Studio 15
Project("{FAE04EC0-301F-11D3-BF4B-00C04F79EFBC}") = "FastSpringBone", "FastSpringBone.csproj", "{B52D9777-AC2E-8B84-C970-1F59F3419FB3}"
EndProject
Project("{FAE04EC0-301F-11D3-BF4B-00C04F79EFBC}") = "UniGLTF", "UniGLTF.csproj", "{E5206778-864D-ADD3-6F5D-52489D6E332A}"
EndProject
Project("{FAE04EC0-301F-11D3-BF4B-00C04F79EFBC}") = "Assembly-CSharp", "Assembly-CSharp.csproj", "{AD95B42C-CE18-4E59-7601-303E2365472F}"
EndProject
Project("{FAE04EC0-301F-11D3-BF4B-00C04F79EFBC}") = "VRM", "VRM.csproj", "{15F82627-EC82-6C30-2734-C454927FCABF}"
EndProject
Project("{FAE04EC0-301F-11D3-BF4B-00C04F79EFBC}") = "VRMShaders.GLTF.IO.Runtime", "VRMShaders.GLTF.IO.Runtime.csproj", "{4F91F7BC-AA5A-0D61-E9F8-81F47DECFCA6}"
EndProject
Project("{FAE04EC0-301F-11D3-BF4B-00C04F79EFBC}") = "VRMShaders.VRM10.MToon10.Runtime", "VRMShaders.VRM10.MToon10.Runtime.csproj", "{299A0744-4188-D349-EBD3-6333C1D52603}"
EndProject
Project("{FAE04EC0-301F-11D3-BF4B-00C04F79EFBC}") = "IngameDebugConsole.Runtime", "IngameDebugConsole.Runtime.csproj", "{818C55FD-D7AA-980F-E113-FD9A5F7F67B2}"
EndProject
Project("{FAE04EC0-301F-11D3-BF4B-00C04F79EFBC}") = "UniHumanoid", "UniHumanoid.csproj", "{455420E8-CFC4-8DA1-59B5-572AC86850FB}"
EndProject
Project("{FAE04EC0-301F-11D3-BF4B-00C04F79EFBC}") = "VRMShaders.GLTF.UniUnlit.Runtime", "VRMShaders.GLTF.UniUnlit.Runtime.csproj", "{78CCD6B8-2095-BC2F-FCB3-557784E82003}"
EndProject
Project("{FAE04EC0-301F-11D3-BF4B-00C04F79EFBC}") = "VRMShaders.VRM.IO.Runtime", "VRMShaders.VRM.IO.Runtime.csproj", "{FE20DE32-84C4-7E1A-7C3B-1C36762AEB21}"
EndProject
Project("{FAE04EC0-301F-11D3-BF4B-00C04F79EFBC}") = "MToon", "MToon.csproj", "{31741F54-1A76-EBBB-BB50-4C496E6B05EC}"
EndProject
Project("{FAE04EC0-301F-11D3-BF4B-00C04F79EFBC}") = "VRMShaders.VRM10.Format.Runtime", "VRMShaders.VRM10.Format.Runtime.csproj", "{6F756E69-7142-647A-54D5-98F9AE017696}"
EndProject
Project("{FAE04EC0-301F-11D3-BF4B-00C04F79EFBC}") = "UniGLTF.Samples.ScreenSpace", "UniGLTF.Samples.ScreenSpace.csproj", "{C88531AC-7BD7-653E-3F76-75191DDF8F56}"
EndProject
Project("{FAE04EC0-301F-11D3-BF4B-00C04F79EFBC}") = "VRM.Tests", "VRM.Tests.csproj", "{EA57B4ED-68A2-9DE2-3E43-F8000CB7C145}"
EndProject
Project("{FAE04EC0-301F-11D3-BF4B-00C04F79EFBC}") = "UniGLTF.Tests", "UniGLTF.Tests.csproj", "{A966F620-0A1A-DCF5-B00F-9D7BEC46212B}"
EndProject
Project("{FAE04EC0-301F-11D3-BF4B-00C04F79EFBC}") = "UniGLTF.Editor", "UniGLTF.Editor.csproj", "{F811130B-BCBE-1998-C201-EED1F45A4042}"
EndProject
Project("{FAE04EC0-301F-11D3-BF4B-00C04F79EFBC}") = "UniVRM.Editor", "UniVRM.Editor.csproj", "{A08860D8-E591-E923-8D68-91EF12F5F59E}"
EndProject
Project("{FAE04EC0-301F-11D3-BF4B-00C04F79EFBC}") = "VRMShaders.GLTF.UniUnlit.Editor", "VRMShaders.GLTF.UniUnlit.Editor.csproj", "{35658A0E-9BCC-AC25-6054-9E7A059BF21D}"
EndProject
Project("{FAE04EC0-301F-11D3-BF4B-00C04F79EFBC}") = "UniHumanoid.Editor", "UniHumanoid.Editor.csproj", "{4981A997-42F7-9350-9B5F-66A2F9773A53}"
EndProject
Project("{FAE04EC0-301F-11D3-BF4B-00C04F79EFBC}") = "VRMShaders.GLTF.IO.Tests", "VRMShaders.GLTF.IO.Tests.csproj", "{CBF92454-6CF1-C01D-488F-40D2E467B91F}"
EndProject
Project("{FAE04EC0-301F-11D3-BF4B-00C04F79EFBC}") = "VRMShaders.VRM10.MToon10.Tests", "VRMShaders.VRM10.MToon10.Tests.csproj", "{F699A411-4766-4055-3EC6-217280197CFC}"
EndProject
Project("{FAE04EC0-301F-11D3-BF4B-00C04F79EFBC}") = "IngameDebugConsole.Editor", "IngameDebugConsole.Editor.csproj", "{0AF70838-AF9E-56D5-CDC4-4B08048CA892}"
EndProject
Project("{FAE04EC0-301F-11D3-BF4B-00C04F79EFBC}") = "VRMShaders.VRM10.MToon10.Editor", "VRMShaders.VRM10.MToon10.Editor.csproj", "{4C735FF5-3D6D-1335-3DBA-D7CB1287BD80}"
EndProject
Project("{FAE04EC0-301F-11D3-BF4B-00C04F79EFBC}") = "UniHumanoid.Editor.Tests", "UniHumanoid.Editor.Tests.csproj", "{159B1F03-CE62-F2D6-B3EF-6AE47786D87C}"
EndProject
Project("{FAE04EC0-301F-11D3-BF4B-00C04F79EFBC}") = "MToon.Editor", "MToon.Editor.csproj", "{D74B6781-DAD0-BB08-225C-9490E0A112B1}"
EndProject
Project("{FAE04EC0-301F-11D3-BF4B-00C04F79EFBC}") = "VRM.Samples.Editor.Tests", "VRM.Samples.Editor.Tests.csproj", "{2B81B516-7C75-28CD-8D60-CE5C78CC50AF}"
EndProject
Project("{FAE04EC0-301F-11D3-BF4B-00C04F79EFBC}") = "VRMShaders.GLTF.IO.Editor", "VRMShaders.GLTF.IO.Editor.csproj", "{FAA7E44C-683C-B962-A25D-61C51EE6C99C}"
EndProject
Project("{FAE04EC0-301F-11D3-BF4B-00C04F79EFBC}") = "VRMShaders.VRM.IO.Editor", "VRMShaders.VRM.IO.Editor.csproj", "{C920ECA7-AEE6-0526-66B4-23326D00798A}"
EndProject
Project("{FAE04EC0-301F-11D3-BF4B-00C04F79EFBC}") = "Assembly-CSharp-Editor", "Assembly-CSharp-Editor.csproj", "{CF7CD5D1-7E0C-9100-50BB-A8A3685D84F7}"
EndProject
Global
	GlobalSection(SolutionConfigurationPlatforms) = preSolution
		Debug|Any CPU = Debug|Any CPU
		Release|Any CPU = Release|Any CPU
	EndGlobalSection
	GlobalSection(ProjectConfigurationPlatforms) = postSolution
		{B52D9777-AC2E-8B84-C970-1F59F3419FB3}.Debug|Any CPU.ActiveCfg = Debug|Any CPU
		{B52D9777-AC2E-8B84-C970-1F59F3419FB3}.Debug|Any CPU.Build.0 = Debug|Any CPU
		{B52D9777-AC2E-8B84-C970-1F59F3419FB3}.Release|Any CPU.ActiveCfg = Release|Any CPU
		{B52D9777-AC2E-8B84-C970-1F59F3419FB3}.Release|Any CPU.Build.0 = Release|Any CPU
		{E5206778-864D-ADD3-6F5D-52489D6E332A}.Debug|Any CPU.ActiveCfg = Debug|Any CPU
		{E5206778-864D-ADD3-6F5D-52489D6E332A}.Debug|Any CPU.Build.0 = Debug|Any CPU
		{E5206778-864D-ADD3-6F5D-52489D6E332A}.Release|Any CPU.ActiveCfg = Release|Any CPU
		{E5206778-864D-ADD3-6F5D-52489D6E332A}.Release|Any CPU.Build.0 = Release|Any CPU
		{AD95B42C-CE18-4E59-7601-303E2365472F}.Debug|Any CPU.ActiveCfg = Debug|Any CPU
		{AD95B42C-CE18-4E59-7601-303E2365472F}.Debug|Any CPU.Build.0 = Debug|Any CPU
		{AD95B42C-CE18-4E59-7601-303E2365472F}.Release|Any CPU.ActiveCfg = Release|Any CPU
		{AD95B42C-CE18-4E59-7601-303E2365472F}.Release|Any CPU.Build.0 = Release|Any CPU
		{15F82627-EC82-6C30-2734-C454927FCABF}.Debug|Any CPU.ActiveCfg = Debug|Any CPU
		{15F82627-EC82-6C30-2734-C454927FCABF}.Debug|Any CPU.Build.0 = Debug|Any CPU
		{15F82627-EC82-6C30-2734-C454927FCABF}.Release|Any CPU.ActiveCfg = Release|Any CPU
		{15F82627-EC82-6C30-2734-C454927FCABF}.Release|Any CPU.Build.0 = Release|Any CPU
		{4F91F7BC-AA5A-0D61-E9F8-81F47DECFCA6}.Debug|Any CPU.ActiveCfg = Debug|Any CPU
		{4F91F7BC-AA5A-0D61-E9F8-81F47DECFCA6}.Debug|Any CPU.Build.0 = Debug|Any CPU
		{4F91F7BC-AA5A-0D61-E9F8-81F47DECFCA6}.Release|Any CPU.ActiveCfg = Release|Any CPU
		{4F91F7BC-AA5A-0D61-E9F8-81F47DECFCA6}.Release|Any CPU.Build.0 = Release|Any CPU
		{299A0744-4188-D349-EBD3-6333C1D52603}.Debug|Any CPU.ActiveCfg = Debug|Any CPU
		{299A0744-4188-D349-EBD3-6333C1D52603}.Debug|Any CPU.Build.0 = Debug|Any CPU
		{299A0744-4188-D349-EBD3-6333C1D52603}.Release|Any CPU.ActiveCfg = Release|Any CPU
		{299A0744-4188-D349-EBD3-6333C1D52603}.Release|Any CPU.Build.0 = Release|Any CPU
		{818C55FD-D7AA-980F-E113-FD9A5F7F67B2}.Debug|Any CPU.ActiveCfg = Debug|Any CPU
		{818C55FD-D7AA-980F-E113-FD9A5F7F67B2}.Debug|Any CPU.Build.0 = Debug|Any CPU
		{818C55FD-D7AA-980F-E113-FD9A5F7F67B2}.Release|Any CPU.ActiveCfg = Release|Any CPU
		{818C55FD-D7AA-980F-E113-FD9A5F7F67B2}.Release|Any CPU.Build.0 = Release|Any CPU
		{455420E8-CFC4-8DA1-59B5-572AC86850FB}.Debug|Any CPU.ActiveCfg = Debug|Any CPU
		{455420E8-CFC4-8DA1-59B5-572AC86850FB}.Debug|Any CPU.Build.0 = Debug|Any CPU
		{455420E8-CFC4-8DA1-59B5-572AC86850FB}.Release|Any CPU.ActiveCfg = Release|Any CPU
		{455420E8-CFC4-8DA1-59B5-572AC86850FB}.Release|Any CPU.Build.0 = Release|Any CPU
		{78CCD6B8-2095-BC2F-FCB3-557784E82003}.Debug|Any CPU.ActiveCfg = Debug|Any CPU
		{78CCD6B8-2095-BC2F-FCB3-557784E82003}.Debug|Any CPU.Build.0 = Debug|Any CPU
		{78CCD6B8-2095-BC2F-FCB3-557784E82003}.Release|Any CPU.ActiveCfg = Release|Any CPU
		{78CCD6B8-2095-BC2F-FCB3-557784E82003}.Release|Any CPU.Build.0 = Release|Any CPU
		{FE20DE32-84C4-7E1A-7C3B-1C36762AEB21}.Debug|Any CPU.ActiveCfg = Debug|Any CPU
		{FE20DE32-84C4-7E1A-7C3B-1C36762AEB21}.Debug|Any CPU.Build.0 = Debug|Any CPU
		{FE20DE32-84C4-7E1A-7C3B-1C36762AEB21}.Release|Any CPU.ActiveCfg = Release|Any CPU
		{FE20DE32-84C4-7E1A-7C3B-1C36762AEB21}.Release|Any CPU.Build.0 = Release|Any CPU
		{31741F54-1A76-EBBB-BB50-4C496E6B05EC}.Debug|Any CPU.ActiveCfg = Debug|Any CPU
		{31741F54-1A76-EBBB-BB50-4C496E6B05EC}.Debug|Any CPU.Build.0 = Debug|Any CPU
		{31741F54-1A76-EBBB-BB50-4C496E6B05EC}.Release|Any CPU.ActiveCfg = Release|Any CPU
		{31741F54-1A76-EBBB-BB50-4C496E6B05EC}.Release|Any CPU.Build.0 = Release|Any CPU
		{6F756E69-7142-647A-54D5-98F9AE017696}.Debug|Any CPU.ActiveCfg = Debug|Any CPU
		{6F756E69-7142-647A-54D5-98F9AE017696}.Debug|Any CPU.Build.0 = Debug|Any CPU
		{6F756E69-7142-647A-54D5-98F9AE017696}.Release|Any CPU.ActiveCfg = Release|Any CPU
		{6F756E69-7142-647A-54D5-98F9AE017696}.Release|Any CPU.Build.0 = Release|Any CPU
		{C88531AC-7BD7-653E-3F76-75191DDF8F56}.Debug|Any CPU.ActiveCfg = Debug|Any CPU
		{C88531AC-7BD7-653E-3F76-75191DDF8F56}.Debug|Any CPU.Build.0 = Debug|Any CPU
		{C88531AC-7BD7-653E-3F76-75191DDF8F56}.Release|Any CPU.ActiveCfg = Release|Any CPU
		{C88531AC-7BD7-653E-3F76-75191DDF8F56}.Release|Any CPU.Build.0 = Release|Any CPU
		{EA57B4ED-68A2-9DE2-3E43-F8000CB7C145}.Debug|Any CPU.ActiveCfg = Debug|Any CPU
		{EA57B4ED-68A2-9DE2-3E43-F8000CB7C145}.Debug|Any CPU.Build.0 = Debug|Any CPU
		{EA57B4ED-68A2-9DE2-3E43-F8000CB7C145}.Release|Any CPU.ActiveCfg = Release|Any CPU
		{EA57B4ED-68A2-9DE2-3E43-F8000CB7C145}.Release|Any CPU.Build.0 = Release|Any CPU
		{A966F620-0A1A-DCF5-B00F-9D7BEC46212B}.Debug|Any CPU.ActiveCfg = Debug|Any CPU
		{A966F620-0A1A-DCF5-B00F-9D7BEC46212B}.Debug|Any CPU.Build.0 = Debug|Any CPU
		{A966F620-0A1A-DCF5-B00F-9D7BEC46212B}.Release|Any CPU.ActiveCfg = Release|Any CPU
		{A966F620-0A1A-DCF5-B00F-9D7BEC46212B}.Release|Any CPU.Build.0 = Release|Any CPU
		{F811130B-BCBE-1998-C201-EED1F45A4042}.Debug|Any CPU.ActiveCfg = Debug|Any CPU
		{F811130B-BCBE-1998-C201-EED1F45A4042}.Debug|Any CPU.Build.0 = Debug|Any CPU
		{F811130B-BCBE-1998-C201-EED1F45A4042}.Release|Any CPU.ActiveCfg = Release|Any CPU
		{F811130B-BCBE-1998-C201-EED1F45A4042}.Release|Any CPU.Build.0 = Release|Any CPU
		{A08860D8-E591-E923-8D68-91EF12F5F59E}.Debug|Any CPU.ActiveCfg = Debug|Any CPU
		{A08860D8-E591-E923-8D68-91EF12F5F59E}.Debug|Any CPU.Build.0 = Debug|Any CPU
		{A08860D8-E591-E923-8D68-91EF12F5F59E}.Release|Any CPU.ActiveCfg = Release|Any CPU
		{A08860D8-E591-E923-8D68-91EF12F5F59E}.Release|Any CPU.Build.0 = Release|Any CPU
		{35658A0E-9BCC-AC25-6054-9E7A059BF21D}.Debug|Any CPU.ActiveCfg = Debug|Any CPU
		{35658A0E-9BCC-AC25-6054-9E7A059BF21D}.Debug|Any CPU.Build.0 = Debug|Any CPU
		{35658A0E-9BCC-AC25-6054-9E7A059BF21D}.Release|Any CPU.ActiveCfg = Release|Any CPU
		{35658A0E-9BCC-AC25-6054-9E7A059BF21D}.Release|Any CPU.Build.0 = Release|Any CPU
		{4981A997-42F7-9350-9B5F-66A2F9773A53}.Debug|Any CPU.ActiveCfg = Debug|Any CPU
		{4981A997-42F7-9350-9B5F-66A2F9773A53}.Debug|Any CPU.Build.0 = Debug|Any CPU
		{4981A997-42F7-9350-9B5F-66A2F9773A53}.Release|Any CPU.ActiveCfg = Release|Any CPU
		{4981A997-42F7-9350-9B5F-66A2F9773A53}.Release|Any CPU.Build.0 = Release|Any CPU
		{CBF92454-6CF1-C01D-488F-40D2E467B91F}.Debug|Any CPU.ActiveCfg = Debug|Any CPU
		{CBF92454-6CF1-C01D-488F-40D2E467B91F}.Debug|Any CPU.Build.0 = Debug|Any CPU
		{CBF92454-6CF1-C01D-488F-40D2E467B91F}.Release|Any CPU.ActiveCfg = Release|Any CPU
		{CBF92454-6CF1-C01D-488F-40D2E467B91F}.Release|Any CPU.Build.0 = Release|Any CPU
		{F699A411-4766-4055-3EC6-217280197CFC}.Debug|Any CPU.ActiveCfg = Debug|Any CPU
		{F699A411-4766-4055-3EC6-217280197CFC}.Debug|Any CPU.Build.0 = Debug|Any CPU
		{F699A411-4766-4055-3EC6-217280197CFC}.Release|Any CPU.ActiveCfg = Release|Any CPU
		{F699A411-4766-4055-3EC6-217280197CFC}.Release|Any CPU.Build.0 = Release|Any CPU
		{0AF70838-AF9E-56D5-CDC4-4B08048CA892}.Debug|Any CPU.ActiveCfg = Debug|Any CPU
		{0AF70838-AF9E-56D5-CDC4-4B08048CA892}.Debug|Any CPU.Build.0 = Debug|Any CPU
		{0AF70838-AF9E-56D5-CDC4-4B08048CA892}.Release|Any CPU.ActiveCfg = Release|Any CPU
		{0AF70838-AF9E-56D5-CDC4-4B08048CA892}.Release|Any CPU.Build.0 = Release|Any CPU
		{4C735FF5-3D6D-1335-3DBA-D7CB1287BD80}.Debug|Any CPU.ActiveCfg = Debug|Any CPU
		{4C735FF5-3D6D-1335-3DBA-D7CB1287BD80}.Debug|Any CPU.Build.0 = Debug|Any CPU
		{4C735FF5-3D6D-1335-3DBA-D7CB1287BD80}.Release|Any CPU.ActiveCfg = Release|Any CPU
		{4C735FF5-3D6D-1335-3DBA-D7CB1287BD80}.Release|Any CPU.Build.0 = Release|Any CPU
		{159B1F03-CE62-F2D6-B3EF-6AE47786D87C}.Debug|Any CPU.ActiveCfg = Debug|Any CPU
		{159B1F03-CE62-F2D6-B3EF-6AE47786D87C}.Debug|Any CPU.Build.0 = Debug|Any CPU
		{159B1F03-CE62-F2D6-B3EF-6AE47786D87C}.Release|Any CPU.ActiveCfg = Release|Any CPU
		{159B1F03-CE62-F2D6-B3EF-6AE47786D87C}.Release|Any CPU.Build.0 = Release|Any CPU
		{D74B6781-DAD0-BB08-225C-9490E0A112B1}.Debug|Any CPU.ActiveCfg = Debug|Any CPU
		{D74B6781-DAD0-BB08-225C-9490E0A112B1}.Debug|Any CPU.Build.0 = Debug|Any CPU
		{D74B6781-DAD0-BB08-225C-9490E0A112B1}.Release|Any CPU.ActiveCfg = Release|Any CPU
		{D74B6781-DAD0-BB08-225C-9490E0A112B1}.Release|Any CPU.Build.0 = Release|Any CPU
		{2B81B516-7C75-28CD-8D60-CE5C78CC50AF}.Debug|Any CPU.ActiveCfg = Debug|Any CPU
		{2B81B516-7C75-28CD-8D60-CE5C78CC50AF}.Debug|Any CPU.Build.0 = Debug|Any CPU
		{2B81B516-7C75-28CD-8D60-CE5C78CC50AF}.Release|Any CPU.ActiveCfg = Release|Any CPU
		{2B81B516-7C75-28CD-8D60-CE5C78CC50AF}.Release|Any CPU.Build.0 = Release|Any CPU
		{FAA7E44C-683C-B962-A25D-61C51EE6C99C}.Debug|Any CPU.ActiveCfg = Debug|Any CPU
		{FAA7E44C-683C-B962-A25D-61C51EE6C99C}.Debug|Any CPU.Build.0 = Debug|Any CPU
		{FAA7E44C-683C-B962-A25D-61C51EE6C99C}.Release|Any CPU.ActiveCfg = Release|Any CPU
		{FAA7E44C-683C-B962-A25D-61C51EE6C99C}.Release|Any CPU.Build.0 = Release|Any CPU
		{C920ECA7-AEE6-0526-66B4-23326D00798A}.Debug|Any CPU.ActiveCfg = Debug|Any CPU
		{C920ECA7-AEE6-0526-66B4-23326D00798A}.Debug|Any CPU.Build.0 = Debug|Any CPU
		{C920ECA7-AEE6-0526-66B4-23326D00798A}.Release|Any CPU.ActiveCfg = Release|Any CPU
		{C920ECA7-AEE6-0526-66B4-23326D00798A}.Release|Any CPU.Build.0 = Release|Any CPU
		{CF7CD5D1-7E0C-9100-50BB-A8A3685D84F7}.Debug|Any CPU.ActiveCfg = Debug|Any CPU
		{CF7CD5D1-7E0C-9100-50BB-A8A3685D84F7}.Debug|Any CPU.Build.0 = Debug|Any CPU
		{CF7CD5D1-7E0C-9100-50BB-A8A3685D84F7}.Release|Any CPU.ActiveCfg = Release|Any CPU
		{CF7CD5D1-7E0C-9100-50BB-A8A3685D84F7}.Release|Any CPU.Build.0 = Release|Any CPU
	EndGlobalSection
	GlobalSection(SolutionProperties) = preSolution
		HideSolutionNode = FALSE
	EndGlobalSection
EndGlobal
